
Microsoft Visual Studio Solution File, Format Version 12.00
# Visual Studio Version 17
VisualStudioVersion = 17.2.32526.322
MinimumVisualStudioVersion = 10.0.40219.1
Project("{8BC9CEB8-8B4A-11D0-8D11-00A0C91BC942}") = "Arrays", "Arrays\Arrays.vcxproj", "{F8542E8C-32BA-46B1-86B3-19672AF8D609}"
EndProject
Global
	GlobalSection(SolutionConfigurationPlatforms) = preSolution
		Debug|x64 = Debug|x64
		Debug|x86 = Debug|x86
		Release|x64 = Release|x64
		Release|x86 = Release|x86
	EndGlobalSection
	GlobalSection(ProjectConfigurationPlatforms) = postSolution
		{F8542E8C-32BA-46B1-86B3-19672AF8D609}.Debug|x64.ActiveCfg = Debug|x64
		{F8542E8C-32BA-46B1-86B3-19672AF8D609}.Debug|x64.Build.0 = Debug|x64
		{F8542E8C-32BA-46B1-86B3-19672AF8D609}.Debug|x86.ActiveCfg = Debug|Win32
		{F8542E8C-32BA-46B1-86B3-19672AF8D609}.Debug|x86.Build.0 = Debug|Win32
		{F8542E8C-32BA-46B1-86B3-19672AF8D609}.Release|x64.ActiveCfg = Release|x64
		{F8542E8C-32BA-46B1-86B3-19672AF8D609}.Release|x64.Build.0 = Release|x64
		{F8542E8C-32BA-46B1-86B3-19672AF8D609}.Release|x86.ActiveCfg = Release|Win32
		{F8542E8C-32BA-46B1-86B3-19672AF8D609}.Release|x86.Build.0 = Release|Win32
	EndGlobalSection
	GlobalSection(SolutionProperties) = preSolution
		HideSolutionNode = FALSE
	EndGlobalSection
	GlobalSection(ExtensibilityGlobals) = postSolution
		SolutionGuid = {75C12895-7DA7-47D7-9411-975F628C69C4}
	EndGlobalSection
EndGlobal
